PODS:
  - Flutter (1.0.0)
  - onesignal_flutter (3.4.1):
    - Flutter
    - OneSignalXCFramework (= 3.11.2)
  - OneSignalXCFramework (3.11.2):
    - OneSignalXCFramework/OneSignalCore (= 3.11.2)
    - OneSignalXCFramework/OneSignalExtension (= 3.11.2)
    - OneSignalXCFramework/OneSignalOutcomes (= 3.11.2)
  - OneSignalXCFramework/OneSignalCore (3.11.2)
  - OneSignalXCFramework/OneSignalExtension (3.11.2):
    - OneSignalXCFramework/OneSignalCore
    - OneSignalXCFramework/OneSignalOutcomes
  - OneSignalXCFramework/OneSignalOutcomes (3.11.2):
    - OneSignalXCFramework/OneSignalCore

DEPENDENCIES:
  - Flutter (from `Flutter`)
  - onesignal_flutter (from `.symlinks/plugins/onesignal_flutter/ios`)
  - OneSignalXCFramework (< 4.0, >= 3.4.3)

SPEC REPOS:
  trunk:
    - OneSignalXCFramework

EXTERNAL SOURCES:
  Flutter:
    :path: Flutter
  onesignal_flutter:
    :path: ".symlinks/plugins/onesignal_flutter/ios"

SPEC CHECKSUMS:
  Flutter: f04841e97a9d0b0a8025694d0796dd46242b2854
  onesignal_flutter: 02a850e079073e8bd03948f50a2fb9a7918b5db6
  OneSignalXCFramework: 81ceac017a290f23793443323090cfbe888f74ea

PODFILE CHECKSUM: b8dff0b3bdfd6bf2c40373769968bf0b4e75f290

COCOAPODS: 1.11.3
